# THIS IS AN AUTOGENERATED FILE. DO NOT EDIT THIS FILE DIRECTLY.
# yarn lockfile v1


a-big-triangle@0.0.0:
  version "0.0.0"
  resolved "https://registry.yarnpkg.com/a-big-triangle/-/a-big-triangle-0.0.0.tgz#6b3ea0c21ce8480fe88d104c14b16b006ae6fa0c"
  dependencies:
    gl-buffer "~0.1.0"
    gl-vao "~0.0.2"

abbrev@1:
  version "1.1.1"
  resolved "https://registry.yarnpkg.com/abbrev/-/abbrev-1.1.1.tgz#f8f2c887ad10bf67f634f005b6987fed3179aac8"

amdefine@>=0.0.4:
  version "1.0.1"
  resolved "https://registry.yarnpkg.com/amdefine/-/amdefine-1.0.1.tgz#4a5282ac164729e93619bcfd3ad151f817ce91f5"

ast-types@~0.3.35:
  version "0.3.38"
  resolved "https://registry.yarnpkg.com/ast-types/-/ast-types-0.3.38.tgz#afe430e60b4db3ce2ed22ceea0f16f1c31763ef7"
  dependencies:
    private "~0.1.2"

astw@^1.2.0:
  version "1.3.0"
  resolved "https://registry.yarnpkg.com/astw/-/astw-1.3.0.tgz#015774a6427ad3b9ec46d7a2b41ae73dac624ca5"
  dependencies:
    esprima "^2.1.0"

base64-js@0.0.2:
  version "0.0.2"
  resolved "https://registry.yarnpkg.com/base64-js/-/base64-js-0.0.2.tgz#024f0f72afa25b75f9c0ee73cd4f55ec1bed9784"

bit-twiddle@^1.0.0:
  version "1.0.2"
  resolved "https://registry.yarnpkg.com/bit-twiddle/-/bit-twiddle-1.0.2.tgz#0c6c1fabe2b23d17173d9a61b7b7093eb9e1769e"

bit-twiddle@~0.0.2:
  version "0.0.2"
  resolved "https://registry.yarnpkg.com/bit-twiddle/-/bit-twiddle-0.0.2.tgz#c2eaebb952a3b94acc140497e1cdcd2f1a33f58e"

buffer-from@^1.0.0:
  version "1.1.1"
  resolved "https://registry.yarnpkg.com/buffer-from/-/buffer-from-1.1.1.tgz#32713bc028f75c02fdb710d7c7bcec1f2c6070ef"

cls@~0.1.3:
  version "0.1.5"
  resolved "https://registry.yarnpkg.com/cls/-/cls-0.1.5.tgz#df3218cf9d1480747f584d88b19b74c6b281317b"

commondir@0.0.1:
  version "0.0.1"
  resolved "https://registry.yarnpkg.com/commondir/-/commondir-0.0.1.tgz#89f00fdcd51b519c578733fec563e6a6da7f5be2"

concat-stream@^1.4.1:
  version "1.6.2"
  resolved "https://registry.yarnpkg.com/concat-stream/-/concat-stream-1.6.2.tgz#904bdf194cd3122fc675c77fc4ac3d4ff0fd1a34"
  dependencies:
    buffer-from "^1.0.0"
    inherits "^2.0.3"
    readable-stream "^2.2.2"
    typedarray "^0.0.6"

core-util-is@~1.0.0:
  version "1.0.2"
  resolved "https://registry.yarnpkg.com/core-util-is/-/core-util-is-1.0.2.tgz#b5fd54220aa2bc5ab57aab7140c940754503c1a7"

cssauron-glsl@0.0.0:
  version "0.0.0"
  resolved "https://registry.yarnpkg.com/cssauron-glsl/-/cssauron-glsl-0.0.0.tgz#e35f3f5ecb62f33f635b92a93ef9406b9f8e1dba"
  dependencies:
    cssauron X.X.X

cssauron-glsl@X.X.X:
  version "1.0.0"
  resolved "https://registry.yarnpkg.com/cssauron-glsl/-/cssauron-glsl-1.0.0.tgz#9873641442b52bae08b9103f8546885af69c74cc"
  dependencies:
    cssauron "~1.0.0"

cssauron-glsl@~0.0.0:
  version "0.0.1"
  resolved "https://registry.yarnpkg.com/cssauron-glsl/-/cssauron-glsl-0.0.1.tgz#685c5a8879e9f8f6fdba3a7b85876cbd3a1c0ad9"
  dependencies:
    cssauron "0.X.X"

cssauron@0.0.2:
  version "0.0.2"
  resolved "https://registry.yarnpkg.com/cssauron/-/cssauron-0.0.2.tgz#6812797e6f2ac2cb9a695a92df7c420ee4dc6a62"

cssauron@0.X.X:
  version "0.2.1"
  resolved "https://registry.yarnpkg.com/cssauron/-/cssauron-0.2.1.tgz#8bada27f47bfaed2ff5e39c1aa05dde0780ab3d5"
  dependencies:
    through X.X.X

cssauron@X.X.X:
  version "1.4.0"
  resolved "https://registry.yarnpkg.com/cssauron/-/cssauron-1.4.0.tgz#a6602dff7e04a8306dc0db9a551e92e8b5662ad8"
  dependencies:
    through X.X.X

cssauron@~0.0.2:
  version "0.0.3"
  resolved "https://registry.yarnpkg.com/cssauron/-/cssauron-0.0.3.tgz#d447585640430100dfd861f3c95901cb665a15e5"

cssauron@~1.0.0:
  version "1.0.0"
  resolved "https://registry.yarnpkg.com/cssauron/-/cssauron-1.0.0.tgz#3c9891541075be90ee59c0c2a3d400e4fffec42d"
  dependencies:
    through X.X.X

cwise-compiler@^1.0.0:
  version "1.1.3"
  resolved "https://registry.yarnpkg.com/cwise-compiler/-/cwise-compiler-1.1.3.tgz#f4d667410e850d3a313a7d2db7b1e505bb034cc5"
  dependencies:
    uniq "^1.0.0"

deep-is@~0.1.3:
  version "0.1.3"
  resolved "https://registry.yarnpkg.com/deep-is/-/deep-is-0.1.3.tgz#b369d6fb5dbc13eecf524f91b070feedc357cf34"

dup@^1.0.0:
  version "1.0.0"
  resolved "https://registry.yarnpkg.com/dup/-/dup-1.0.0.tgz#51fc5ac685f8196469df0b905e934b20af5b4029"

dup@~0.0.0:
  version "0.0.0"
  resolved "https://registry.yarnpkg.com/dup/-/dup-0.0.0.tgz#680c4c51ace6ab9fe3bc6e48d9cab26c0396abd7"

duplexer@~0.0.3:
  version "0.0.4"
  resolved "http://registry.npmjs.org/duplexer/-/duplexer-0.0.4.tgz#afcb7f1f8b8d74f820726171d5d64ac9e4a8ff20"

emit-function@0.0.2:
  version "0.0.2"
  resolved "https://registry.yarnpkg.com/emit-function/-/emit-function-0.0.2.tgz#e3a50b3d61be1bf8ca88b924bf713157a5bec124"

escodegen@^1.3.3:
  version "1.11.0"
  resolved "https://registry.yarnpkg.com/escodegen/-/escodegen-1.11.0.tgz#b27a9389481d5bfd5bec76f7bb1eb3f8f4556589"
  dependencies:
    esprima "^3.1.3"
    estraverse "^4.2.0"
    esutils "^2.0.2"
    optionator "^0.8.1"
  optionalDependencies:
    source-map "~0.6.1"

escodegen@~0.0.24:
  version "0.0.28"
  resolved "https://registry.yarnpkg.com/escodegen/-/escodegen-0.0.28.tgz#0e4ff1715f328775d6cab51ac44a406cd7abffd3"
  dependencies:
    esprima "~1.0.2"
    estraverse "~1.3.0"
  optionalDependencies:
    source-map ">= 0.1.2"

esprima@^1.0.4, esprima@^1.2.2:
  version "1.2.5"
  resolved "https://registry.yarnpkg.com/esprima/-/esprima-1.2.5.tgz#0993502feaf668138325756f30f9a51feeec11e9"

esprima@^2.1.0:
  version "2.7.3"
  resolved "https://registry.yarnpkg.com/esprima/-/esprima-2.7.3.tgz#96e3b70d5779f6ad49cd032673d1c312767ba581"

esprima@^3.1.3:
  version "3.1.3"
  resolved "https://registry.yarnpkg.com/esprima/-/esprima-3.1.3.tgz#fdca51cee6133895e3c88d535ce49dbff62a4633"

"esprima@git+https://github.com/ariya/esprima.git#harmony":
  version "1.1.0-dev-harmony"
  resolved "git+https://github.com/ariya/esprima.git#a65a3eb93b9a5dce9a1184ca2d1bd0b184c6b8fd"

esprima@~1.0.2:
  version "1.0.4"
  resolved "https://registry.yarnpkg.com/esprima/-/esprima-1.0.4.tgz#9f557e08fc3b4d26ece9dd34f8fbf476b62585ad"

estraverse@^4.2.0:
  version "4.2.0"
  resolved "https://registry.yarnpkg.com/estraverse/-/estraverse-4.2.0.tgz#0dee3fed31fcd469618ce7342099fc1afa0bdb13"

estraverse@~1.3.0:
  version "1.3.2"
  resolved "https://registry.yarnpkg.com/estraverse/-/estraverse-1.3.2.tgz#37c2b893ef13d723f276d878d60d8535152a6c42"

esutils@^2.0.2:
  version "2.0.2"
  resolved "https://registry.yarnpkg.com/esutils/-/esutils-2.0.2.tgz#0abf4f1caa5bcb1f7a9d8acc6dea4faaa04bac9b"

fast-levenshtein@~2.0.4:
  version "2.0.6"
  resolved "https://registry.yarnpkg.com/fast-levenshtein/-/fast-levenshtein-2.0.6.tgz#3d8a5c66883a16a30ca8643e851f19baa7797917"

gl-buffer@~0.1.0:
  version "0.1.2"
  resolved "https://registry.yarnpkg.com/gl-buffer/-/gl-buffer-0.1.2.tgz#7113a58f216bf59584b6e0e95bebc278e288776f"
  dependencies:
    ndarray "^1.0.10"
    ndarray-ops "^1.1.0"
    typedarray-pool "^0.1.1"

gl-context@^0.1.0:
  version "0.1.1"
  resolved "https://registry.yarnpkg.com/gl-context/-/gl-context-0.1.1.tgz#1134ff513223f3f6b3e2168cc88bcdc8b74e05f3"
  dependencies:
    raf-component "^1.1.2"

gl-shader-core@^2.0.0:
  version "2.2.0"
  resolved "https://registry.yarnpkg.com/gl-shader-core/-/gl-shader-core-2.2.0.tgz#e4788ebd135ce0d1ec52fdbc42800a2b98879e03"
  dependencies:
    dup "^1.0.0"

gl-texture2d@^1.0.1:
  version "1.2.0"
  resolved "https://registry.yarnpkg.com/gl-texture2d/-/gl-texture2d-1.2.0.tgz#55d4482f18a36608428bb5fe48310db10d71ca9e"
  dependencies:
    ndarray "^1.0.15"
    ndarray-ops "^1.1.0"
    typedarray-pool "^1.0.0"
    webglew "^1.0.0"

gl-vao@~0.0.2:
  version "0.0.3"
  resolved "https://registry.yarnpkg.com/gl-vao/-/gl-vao-0.0.3.tgz#23fd0fd1e5b4468ceb1214b35ff2df1fdb2cd555"
  dependencies:
    webglew "~0.0.0"

glsl-deparser@0.0.2:
  version "0.0.2"
  resolved "https://registry.yarnpkg.com/glsl-deparser/-/glsl-deparser-0.0.2.tgz#753f2b06a2db37564432b59b996d709e217022e5"
  dependencies:
    cssauron-glsl X.X.X
    through "~1.1.2"

glsl-dither@^1.0.0:
  version "1.0.1"
  resolved "https://registry.yarnpkg.com/glsl-dither/-/glsl-dither-1.0.1.tgz#64c7bb73cb758327884d83915daea78ae3fbf5d6"
  dependencies:
    glsl-luma "^1.0.1"

glsl-extract@0.0.2:
  version "0.0.2"
  resolved "https://registry.yarnpkg.com/glsl-extract/-/glsl-extract-0.0.2.tgz#5347988d8825fa114d175fe9d2cda8416c4b6b92"
  dependencies:
    cssauron-glsl "0.0.0"
    glsl-deparser "0.0.2"
    glsl-parser "0.0.5"
    glsl-tokenizer "0.0.8"
    through "~2.3.4"
    utf8-stream "0.0.0"

glsl-luma@^1.0.1:
  version "1.0.1"
  resolved "https://registry.yarnpkg.com/glsl-luma/-/glsl-luma-1.0.1.tgz#b5ec2ade6bae1ba68903870d8ca4483911c7b5f5"

glsl-min-stream@0.0.2:
  version "0.0.2"
  resolved "https://registry.yarnpkg.com/glsl-min-stream/-/glsl-min-stream-0.0.2.tgz#6a4441d5d3880196c02535de22bee0cd0f8c7d96"
  dependencies:
    cssauron-glsl X.X.X
    shortest "0.0.0"
    through "~1.1.2"

glsl-parser@0.0.5:
  version "0.0.5"
  resolved "https://registry.yarnpkg.com/glsl-parser/-/glsl-parser-0.0.5.tgz#87e0a9c9e0caf845ed8e696632d7737a71edde52"
  dependencies:
    glsl-tokenizer "~0.0.2"
    through "~1.1.2"

glsl-parser@^1.0.0:
  version "1.0.1"
  resolved "https://registry.yarnpkg.com/glsl-parser/-/glsl-parser-1.0.1.tgz#52d1442db84c1408facfaf9fae989bdad5b7dc9b"
  dependencies:
    glsl-tokenizer "^1.0.0"
    through "2.3.4"

glsl-resolve@0.0.1:
  version "0.0.1"
  resolved "https://registry.yarnpkg.com/glsl-resolve/-/glsl-resolve-0.0.1.tgz#894bef73910d792c81b5143180035d0a78af76d3"
  dependencies:
    resolve "^0.6.1"
    xtend "^2.1.2"

glsl-tokenizer@0.0.8:
  version "0.0.8"
  resolved "https://registry.yarnpkg.com/glsl-tokenizer/-/glsl-tokenizer-0.0.8.tgz#c3137528a2aa99707955de12b27b77c8c7f21902"
  dependencies:
    through X.X.X

glsl-tokenizer@^1.0.0:
  version "1.1.1"
  resolved "https://registry.yarnpkg.com/glsl-tokenizer/-/glsl-tokenizer-1.1.1.tgz#ea1049e6436a764c79d911ccf7a6e6aa7a6648da"
  dependencies:
    through X.X.X

glsl-tokenizer@~0.0.2, glsl-tokenizer@~0.0.8:
  version "0.0.9"
  resolved "https://registry.yarnpkg.com/glsl-tokenizer/-/glsl-tokenizer-0.0.9.tgz#73463c0b9d39d4c2643a5fe0cdd258b679377d97"
  dependencies:
    through X.X.X

glslify-stream@^0.4.0:
  version "0.4.1"
  resolved "https://registry.yarnpkg.com/glslify-stream/-/glslify-stream-0.4.1.tgz#c6e623ac67fca10c266476feddb9422273c57860"
  dependencies:
    commondir "0.0.1"
    cssauron "~0.0.2"
    cssauron-glsl "~0.0.0"
    emit-function "0.0.2"
    glsl-parser "^1.0.0"
    glsl-resolve "0.0.1"
    glsl-tokenizer "~0.0.8"
    resolve "~0.5.1"
    shortest "~0.0.0"
    stream-combiner "0.0.2"
    through "~1.1.2"
    wrap-stream "0.0.0"

glslify@^1.4.0:
  version "1.6.1"
  resolved "http://registry.npmjs.org/glslify/-/glslify-1.6.1.tgz#5aab523605f1d691ab85f536eb6c1b425fdcd10f"
  dependencies:
    concat-stream "^1.4.1"
    cssauron "0.0.2"
    cssauron-glsl "0.0.0"
    emit-function "0.0.2"
    esprima "^1.0.4"
    gl-shader-core "^2.0.0"
    glsl-deparser "0.0.2"
    glsl-extract "0.0.2"
    glsl-min-stream "0.0.2"
    glslify-stream "^0.4.0"
    new-from "^0.0.3"
    nopt "^2.0.0"
    replace-method "0.0.0"
    resolve "^0.6.1"
    shortest "0.0.0"
    sleuth "^0.1.1"
    static-eval "^0.2.2"
    through "^2.3.4"

inherits@^2.0.3, inherits@~2.0.1, inherits@~2.0.3:
  version "2.0.3"
  resolved "https://registry.yarnpkg.com/inherits/-/inherits-2.0.3.tgz#633c2c83e3da42a502f52466022480f4208261de"

iota-array@^1.0.0:
  version "1.0.0"
  resolved "https://registry.yarnpkg.com/iota-array/-/iota-array-1.0.0.tgz#81ef57fe5d05814cd58c2483632a99c30a0e8087"

is-buffer@^1.0.2:
  version "1.1.6"
  resolved "https://registry.yarnpkg.com/is-buffer/-/is-buffer-1.1.6.tgz#efaa2ea9daa0d7ab2ea13a97b2b8ad51fefbe8be"

is-require@0.0.1:
  version "0.0.1"
  resolved "https://registry.yarnpkg.com/is-require/-/is-require-0.0.1.tgz#0d1e6d93e380b35386f474543fffc9a66d41825e"

isarray@0.0.1:
  version "0.0.1"
  resolved "https://registry.yarnpkg.com/isarray/-/isarray-0.0.1.tgz#8a18acfca9a8f4177e09abfc6038939b05d1eedf"

isarray@~1.0.0:
  version "1.0.0"
  resolved "https://registry.yarnpkg.com/isarray/-/isarray-1.0.0.tgz#bb935d48582cba168c06834957a54a3e07124f11"

lena@^1.0.0:
  version "1.0.0"
  resolved "https://registry.yarnpkg.com/lena/-/lena-1.0.0.tgz#16d1d78390cf1940a09a8b6f790ad9cdd24dbbe4"
  dependencies:
    base64-js "0.0.2"
    ndarray "~1.0.0"

levn@~0.3.0:
  version "0.3.0"
  resolved "https://registry.yarnpkg.com/levn/-/levn-0.3.0.tgz#3b09924edf9f083c0490fdd4c0bc4421e04764ee"
  dependencies:
    prelude-ls "~1.1.2"
    type-check "~0.3.2"

mapbox-glsl-optimizer@aras-p/glsl-optimizer#21b98a9:
  version "0.1.0"
  resolved "https://codeload.github.com/aras-p/glsl-optimizer/tar.gz/21b98a9"
  dependencies:
    nan "~2.6.x"

nan@~2.6.x:
  version "2.6.2"
  resolved "https://registry.yarnpkg.com/nan/-/nan-2.6.2.tgz#e4ff34e6c95fdfb5aecc08de6596f43605a7db45"

ndarray-ops@^1.1.0:
  version "1.2.2"
  resolved "https://registry.yarnpkg.com/ndarray-ops/-/ndarray-ops-1.2.2.tgz#59e88d2c32a7eebcb1bc690fae141579557a614e"
  dependencies:
    cwise-compiler "^1.0.0"

ndarray@^1.0.10, ndarray@^1.0.15, ndarray@~1.0.0:
  version "1.0.18"
  resolved "https://registry.yarnpkg.com/ndarray/-/ndarray-1.0.18.tgz#b60d3a73224ec555d0faa79711e502448fd3f793"
  dependencies:
    iota-array "^1.0.0"
    is-buffer "^1.0.2"

new-from@^0.0.3:
  version "0.0.3"
  resolved "https://registry.yarnpkg.com/new-from/-/new-from-0.0.3.tgz#1c4ad13613de3e15d6321b70ed5c23937ea25e67"
  dependencies:
    readable-stream "~1.1.8"

nopt@^2.0.0:
  version "2.2.1"
  resolved "https://registry.yarnpkg.com/nopt/-/nopt-2.2.1.tgz#2aa09b7d1768487b3b89a9c5aa52335bff0baea7"
  dependencies:
    abbrev "1"

optionator@^0.8.1:
  version "0.8.2"
  resolved "https://registry.yarnpkg.com/optionator/-/optionator-0.8.2.tgz#364c5e409d3f4d6301d6c0b4c05bba50180aeb64"
  dependencies:
    deep-is "~0.1.3"
    fast-levenshtein "~2.0.4"
    levn "~0.3.0"
    prelude-ls "~1.1.2"
    type-check "~0.3.2"
    wordwrap "~1.0.0"

prelude-ls@~1.1.2:
  version "1.1.2"
  resolved "https://registry.yarnpkg.com/prelude-ls/-/prelude-ls-1.1.2.tgz#21932a549f5e52ffd9a827f570e04be62a97da54"

private@~0.1.2, private@~0.1.4:
  version "0.1.8"
  resolved "https://registry.yarnpkg.com/private/-/private-0.1.8.tgz#2381edb3689f7a53d653190060fcf822d2f368ff"

process-nextick-args@~2.0.0:
  version "2.0.0"
  resolved "https://registry.yarnpkg.com/process-nextick-args/-/process-nextick-args-2.0.0.tgz#a37d732f4271b4ab1ad070d35508e8290788ffaa"

raf-component@^1.1.2:
  version "1.1.2"
  resolved "https://registry.yarnpkg.com/raf-component/-/raf-component-1.1.2.tgz#06fcdd026e4dea8532c1b64390defaa04950664d"

readable-stream@^2.2.2:
  version "2.3.6"
  resolved "http://registry.npmjs.org/readable-stream/-/readable-stream-2.3.6.tgz#b11c27d88b8ff1fbe070643cf94b0c79ae1b0aaf"
  dependencies:
    core-util-is "~1.0.0"
    inherits "~2.0.3"
    isarray "~1.0.0"
    process-nextick-args "~2.0.0"
    safe-buffer "~5.1.1"
    string_decoder "~1.1.1"
    util-deprecate "~1.0.1"

readable-stream@~1.0.17, readable-stream@~1.0.2:
  version "1.0.34"
  resolved "http://registry.npmjs.org/readable-stream/-/readable-stream-1.0.34.tgz#125820e34bc842d2f2aaafafe4c2916ee32c157c"
  dependencies:
    core-util-is "~1.0.0"
    inherits "~2.0.1"
    isarray "0.0.1"
    string_decoder "~0.10.x"

readable-stream@~1.1.8:
  version "1.1.14"
  resolved "http://registry.npmjs.org/readable-stream/-/readable-stream-1.1.14.tgz#7cf4c54ef648e3813084c636dd2079e166c081d9"
  dependencies:
    core-util-is "~1.0.0"
    inherits "~2.0.1"
    isarray "0.0.1"
    string_decoder "~0.10.x"

recast@~0.5.7:
  version "0.5.27"
  resolved "http://registry.npmjs.org/recast/-/recast-0.5.27.tgz#0c1b508b989c4eaa5abf71b5efac12435a40ebc6"
  dependencies:
    ast-types "~0.3.35"
    cls "~0.1.3"
    esprima "git+https://github.com/ariya/esprima.git#harmony"
    private "~0.1.4"
    source-map "0.1.32"

replace-method@0.0.0:
  version "0.0.0"
  resolved "https://registry.yarnpkg.com/replace-method/-/replace-method-0.0.0.tgz#3704d10711c2d461db0291355061053cee83faf9"
  dependencies:
    recast "~0.5.7"

resolve@^0.6.1:
  version "0.6.3"
  resolved "https://registry.yarnpkg.com/resolve/-/resolve-0.6.3.tgz#dd957982e7e736debdf53b58a4dd91754575dd46"

resolve@~0.5.1:
  version "0.5.1"
  resolved "https://registry.yarnpkg.com/resolve/-/resolve-0.5.1.tgz#15e4a222c4236bcd4cf85454412c2d0fb6524576"

safe-buffer@~5.1.0, safe-buffer@~5.1.1:
  version "5.1.2"
  resolved "https://registry.yarnpkg.com/safe-buffer/-/safe-buffer-5.1.2.tgz#991ec69d296e0313747d59bdfd2b745c35f8828d"

shortest@0.0.0, shortest@~0.0.0:
  version "0.0.0"
  resolved "https://registry.yarnpkg.com/shortest/-/shortest-0.0.0.tgz#dc4c8d0722e7a9208ec7d2098e4cda8cac6e567d"

sleuth@^0.1.1:
  version "0.1.1"
  resolved "https://registry.yarnpkg.com/sleuth/-/sleuth-0.1.1.tgz#406efb86730ba5c27147b570186d72c83b0d8cc0"
  dependencies:
    is-require "0.0.1"
    static-eval "~0.1.0"

source-map@0.1.32:
  version "0.1.32"
  resolved "https://registry.yarnpkg.com/source-map/-/source-map-0.1.32.tgz#c8b6c167797ba4740a8ea33252162ff08591b266"
  dependencies:
    amdefine ">=0.0.4"

"source-map@>= 0.1.2":
  version "0.7.3"
  resolved "https://registry.yarnpkg.com/source-map/-/source-map-0.7.3.tgz#5302f8169031735226544092e64981f751750383"

source-map@~0.6.1:
  version "0.6.1"
  resolved "https://registry.yarnpkg.com/source-map/-/source-map-0.6.1.tgz#74722af32e9614e9c287a8d0bbde48b5e2f1a263"

static-eval@^0.2.2:
  version "0.2.4"
  resolved "https://registry.yarnpkg.com/static-eval/-/static-eval-0.2.4.tgz#b7d34d838937b969f9641ca07d48f8ede263ea7b"
  dependencies:
    escodegen "~0.0.24"

static-eval@~0.1.0:
  version "0.1.1"
  resolved "https://registry.yarnpkg.com/static-eval/-/static-eval-0.1.1.tgz#2f3c9e727604a61ac761b9663562a76c61f5c523"

stream-combiner@0.0.2:
  version "0.0.2"
  resolved "http://registry.npmjs.org/stream-combiner/-/stream-combiner-0.0.2.tgz#dfe0e74675742565e76c6056788ea5c23bd97db4"
  dependencies:
    duplexer "~0.0.3"

string_decoder@~0.10.x:
  version "0.10.31"
  resolved "https://registry.yarnpkg.com/string_decoder/-/string_decoder-0.10.31.tgz#62e203bc41766c6c28c9fc84301dab1c5310fa94"

string_decoder@~1.1.1:
  version "1.1.1"
  resolved "https://registry.yarnpkg.com/string_decoder/-/string_decoder-1.1.1.tgz#9cf1611ba62685d7030ae9e4ba34149c3af03fc8"
  dependencies:
    safe-buffer "~5.1.0"

through2@^0.5.1:
  version "0.5.1"
  resolved "https://registry.yarnpkg.com/through2/-/through2-0.5.1.tgz#dfdd012eb9c700e2323fd334f38ac622ab372da7"
  dependencies:
    readable-stream "~1.0.17"
    xtend "~3.0.0"

through@2.3.4:
  version "2.3.4"
  resolved "http://registry.npmjs.org/through/-/through-2.3.4.tgz#495e40e8d8a8eaebc7c275ea88c2b8fc14c56455"

through@X.X.X, through@^2.3.4, through@~2.3.4:
  version "2.3.8"
  resolved "http://registry.npmjs.org/through/-/through-2.3.8.tgz#0dd4c9ffaabc357960b1b724115d7e0e86a2e1f5"

through@~1.1.2:
  version "1.1.2"
  resolved "http://registry.npmjs.org/through/-/through-1.1.2.tgz#344a5425a3773314ca7e0eb6512fbafaf76c0bfe"

type-check@~0.3.2:
  version "0.3.2"
  resolved "https://registry.yarnpkg.com/type-check/-/type-check-0.3.2.tgz#5884cab512cf1d355e3fb784f30804b2b520db72"
  dependencies:
    prelude-ls "~1.1.2"

typedarray-pool@^0.1.1:
  version "0.1.2"
  resolved "https://registry.yarnpkg.com/typedarray-pool/-/typedarray-pool-0.1.2.tgz#c01a4a95d35f05f990f53456b63ff698557d928f"
  dependencies:
    bit-twiddle "~0.0.2"
    dup "~0.0.0"

typedarray-pool@^1.0.0:
  version "1.1.0"
  resolved "https://registry.yarnpkg.com/typedarray-pool/-/typedarray-pool-1.1.0.tgz#d114f484801489f53ecab5e8088aa23044f498d9"
  dependencies:
    bit-twiddle "^1.0.0"
    dup "^1.0.0"

typedarray@^0.0.6:
  version "0.0.6"
  resolved "https://registry.yarnpkg.com/typedarray/-/typedarray-0.0.6.tgz#867ac74e3864187b1d3d47d996a78ec5c8830777"

uniq@^1.0.0:
  version "1.0.1"
  resolved "https://registry.yarnpkg.com/uniq/-/uniq-1.0.1.tgz#b31c5ae8254844a3a8281541ce2b04b865a734ff"

utf8-stream@0.0.0:
  version "0.0.0"
  resolved "https://registry.yarnpkg.com/utf8-stream/-/utf8-stream-0.0.0.tgz#05ce4107fceaf893a2c838fe63a1d423455c1fc4"
  dependencies:
    readable-stream "~1.0.2"

util-deprecate@~1.0.1:
  version "1.0.2"
  resolved "https://registry.yarnpkg.com/util-deprecate/-/util-deprecate-1.0.2.tgz#450d4dc9fa70de732762fbd2d4a28981419a0ccf"

weak-map@^1.0.5:
  version "1.0.5"
  resolved "https://registry.yarnpkg.com/weak-map/-/weak-map-1.0.5.tgz#79691584d98607f5070bd3b70a40e6bb22e401eb"

webglew@^1.0.0:
  version "1.0.5"
  resolved "https://registry.yarnpkg.com/webglew/-/webglew-1.0.5.tgz#26ffeef7973214bb31b9c20c59b0318d16c6bdb3"
  dependencies:
    weak-map "^1.0.5"

webglew@~0.0.0:
  version "0.0.0"
  resolved "https://registry.yarnpkg.com/webglew/-/webglew-0.0.0.tgz#6dcac2cbb8d787998ebc86f588dbb2957d2b0067"

wordwrap@~1.0.0:
  version "1.0.0"
  resolved "https://registry.yarnpkg.com/wordwrap/-/wordwrap-1.0.0.tgz#27584810891456a4171c8d0226441ade90cbcaeb"

wrap-stream@0.0.0:
  version "0.0.0"
  resolved "https://registry.yarnpkg.com/wrap-stream/-/wrap-stream-0.0.0.tgz#d22a63a3444796e48f686d6fbb873c4848f28d6e"
  dependencies:
    through "~2.3.4"

xtend@^2.1.2:
  version "2.2.0"
  resolved "https://registry.yarnpkg.com/xtend/-/xtend-2.2.0.tgz#eef6b1f198c1c8deafad8b1765a04dad4a01c5a9"

xtend@~3.0.0:
  version "3.0.0"
  resolved "https://registry.yarnpkg.com/xtend/-/xtend-3.0.0.tgz#5cce7407baf642cba7becda568111c493f59665a"
